// !$*UTF8*$!
{
	archiveVersion = 1;
	classes = {
	};
	objectVersion = 50;
	objects = {

/* Begin PBXBuildFile section */
		2449B66D269091EC007B9CE1 /* AppDelegate.swift in Sources */ = {isa = PBXBuildFile; fileRef = 2449B66C269091EC007B9CE1 /* AppDelegate.swift */; };
		2449B66F269091EC007B9CE1 /* SceneDelegate.swift in Sources */ = {isa = PBXBuildFile; fileRef = 2449B66E269091EC007B9CE1 /* SceneDelegate.swift */; };
		2449B671269091EC007B9CE1 /* ViewController.swift in Sources */ = {isa = PBXBuildFile; fileRef = 2449B670269091EC007B9CE1 /* ViewController.swift */; };
		2449B676269091EE007B9CE1 /* Assets.xcassets in Resources */ = {isa = PBXBuildFile; fileRef = 2449B675269091EE007B9CE1 /* Assets.xcassets */; };
		2449B679269091EE007B9CE1 /* LaunchScreen.storyboard in Resources */ = {isa = PBXBuildFile; fileRef = 2449B677269091EE007B9CE1 /* LaunchScreen.storyboard */; };
		2449B681269098B9007B9CE1 /* Coordinator.swift in Sources */ = {isa = PBXBuildFile; fileRef = 2449B680269098B9007B9CE1 /* Coordinator.swift */; };
		2449B68326909BFD007B9CE1 /* AppCoordinator.swift in Sources */ = {isa = PBXBuildFile; fileRef = 2449B68226909BFD007B9CE1 /* AppCoordinator.swift */; };
		2449B68726909C6E007B9CE1 /* ProjectsOverviewViewController.swift in Sources */ = {isa = PBXBuildFile; fileRef = 2449B68626909C6E007B9CE1 /* ProjectsOverviewViewController.swift */; };
		2449B68926909C9F007B9CE1 /* ProjectsOverviewView.swift in Sources */ = {isa = PBXBuildFile; fileRef = 2449B68826909C9F007B9CE1 /* ProjectsOverviewView.swift */; };
		2449B68B26909CB2007B9CE1 /* ProjectsOverviewViewModel.swift in Sources */ = {isa = PBXBuildFile; fileRef = 2449B68A26909CB2007B9CE1 /* ProjectsOverviewViewModel.swift */; };
		2449B68D26909F1E007B9CE1 /* View.swift in Sources */ = {isa = PBXBuildFile; fileRef = 2449B68C26909F1E007B9CE1 /* View.swift */; };
		2449B69026909F8D007B9CE1 /* ProjectsOverviewCoordinator.swift in Sources */ = {isa = PBXBuildFile; fileRef = 2449B68F26909F8D007B9CE1 /* ProjectsOverviewCoordinator.swift */; };
		2449B6922690A1E6007B9CE1 /* UINavigationController+Extensions.swift in Sources */ = {isa = PBXBuildFile; fileRef = 2449B6912690A1E6007B9CE1 /* UINavigationController+Extensions.swift */; };
		2449B6972690B1D2007B9CE1 /* UIControlPublisher.swift in Sources */ = {isa = PBXBuildFile; fileRef = 2449B6962690B1D2007B9CE1 /* UIControlPublisher.swift */; };
		2449B69A2690B1FF007B9CE1 /* UIControlSubscription.swift in Sources */ = {isa = PBXBuildFile; fileRef = 2449B6992690B1FF007B9CE1 /* UIControlSubscription.swift */; };
		2449B69C2690B228007B9CE1 /* CombineCompatible.swift in Sources */ = {isa = PBXBuildFile; fileRef = 2449B69B2690B228007B9CE1 /* CombineCompatible.swift */; };
		2449B69E2690B24A007B9CE1 /* UIControl+Extensions.swift in Sources */ = {isa = PBXBuildFile; fileRef = 2449B69D2690B24A007B9CE1 /* UIControl+Extensions.swift */; };
		2449B6A12690D3E6007B9CE1 /* APIClient.swift in Sources */ = {isa = PBXBuildFile; fileRef = 2449B6A02690D3E6007B9CE1 /* APIClient.swift */; };
		2449B6A32690E40E007B9CE1 /* RepositorySearchResponseModel.swift in Sources */ = {isa = PBXBuildFile; fileRef = 2449B6A22690E40E007B9CE1 /* RepositorySearchResponseModel.swift */; };
		2449B6A52690FB25007B9CE1 /* TableViewCell.swift in Sources */ = {isa = PBXBuildFile; fileRef = 2449B6A42690FB25007B9CE1 /* TableViewCell.swift */; };
		2449B6A72690FBB7007B9CE1 /* NSObject+Extensions.swift in Sources */ = {isa = PBXBuildFile; fileRef = 2449B6A62690FBB7007B9CE1 /* NSObject+Extensions.swift */; };
		2449B6A92690FC0A007B9CE1 /* ProjectTableViewCell.swift in Sources */ = {isa = PBXBuildFile; fileRef = 2449B6A82690FC0A007B9CE1 /* ProjectTableViewCell.swift */; };
		2449B6AB2690FD1F007B9CE1 /* UIView+Extensions.swift in Sources */ = {isa = PBXBuildFile; fileRef = 2449B6AA2690FD1F007B9CE1 /* UIView+Extensions.swift */; };
		2449B6AD26910BEA007B9CE1 /* Date+Extensions.swift in Sources */ = {isa = PBXBuildFile; fileRef = 2449B6AC26910BEA007B9CE1 /* Date+Extensions.swift */; };
		2449B6B026910FE1007B9CE1 /* ProjectDetailsCoordinator.swift in Sources */ = {isa = PBXBuildFile; fileRef = 2449B6AF26910FE1007B9CE1 /* ProjectDetailsCoordinator.swift */; };
/* End PBXBuildFile section */

/* Begin PBXFileReference section */
		2449B669269091EC007B9CE1 /* MVVM-Coordinator-Ref.app */ = {isa = PBXFileReference; explicitFileType = wrapper.application; includeInIndex = 0; path = "MVVM-Coordinator-Ref.app"; sourceTree = BUILT_PRODUCTS_DIR; };
		2449B66C269091EC007B9CE1 /* AppDelegate.swift */ = {isa = PBXFileReference; lastKnownFileType = sourcecode.swift; path = AppDelegate.swift; sourceTree = "<group>"; };
		2449B66E269091EC007B9CE1 /* SceneDelegate.swift */ = {isa = PBXFileReference; lastKnownFileType = sourcecode.swift; path = SceneDelegate.swift; sourceTree = "<group>"; };
		2449B670269091EC007B9CE1 /* ViewController.swift */ = {isa = PBXFileReference; lastKnownFileType = sourcecode.swift; path = ViewController.swift; sourceTree = "<group>"; };
		2449B675269091EE007B9CE1 /* Assets.xcassets */ = {isa = PBXFileReference; lastKnownFileType = folder.assetcatalog; path = Assets.xcassets; sourceTree = "<group>"; };
		2449B678269091EE007B9CE1 /* Base */ = {isa = PBXFileReference; lastKnownFileType = file.storyboard; name = Base; path = Base.lproj/LaunchScreen.storyboard; sourceTree = "<group>"; };
		2449B67A269091EE007B9CE1 /* Info.plist */ = {isa = PBXFileReference; lastKnownFileType = text.plist.xml; path = Info.plist; sourceTree = "<group>"; };
		2449B680269098B9007B9CE1 /* Coordinator.swift */ = {isa = PBXFileReference; lastKnownFileType = sourcecode.swift; path = Coordinator.swift; sourceTree = "<group>"; };
		2449B68226909BFD007B9CE1 /* AppCoordinator.swift */ = {isa = PBXFileReference; lastKnownFileType = sourcecode.swift; path = AppCoordinator.swift; sourceTree = "<group>"; };
		2449B68626909C6E007B9CE1 /* ProjectsOverviewViewController.swift */ = {isa = PBXFileReference; lastKnownFileType = sourcecode.swift; path = ProjectsOverviewViewController.swift; sourceTree = "<group>"; };
		2449B68826909C9F007B9CE1 /* ProjectsOverviewView.swift */ = {isa = PBXFileReference; lastKnownFileType = sourcecode.swift; path = ProjectsOverviewView.swift; sourceTree = "<group>"; };
		2449B68A26909CB2007B9CE1 /* ProjectsOverviewViewModel.swift */ = {isa = PBXFileReference; lastKnownFileType = sourcecode.swift; path = ProjectsOverviewViewModel.swift; sourceTree = "<group>"; };
		2449B68C26909F1E007B9CE1 /* View.swift */ = {isa = PBXFileReference; lastKnownFileType = sourcecode.swift; path = View.swift; sourceTree = "<group>"; };
		2449B68F26909F8D007B9CE1 /* ProjectsOverviewCoordinator.swift */ = {isa = PBXFileReference; lastKnownFileType = sourcecode.swift; path = ProjectsOverviewCoordinator.swift; sourceTree = "<group>"; };
		2449B6912690A1E6007B9CE1 /* UINavigationController+Extensions.swift */ = {isa = PBXFileReference; lastKnownFileType = sourcecode.swift; path = "UINavigationController+Extensions.swift"; sourceTree = "<group>"; };
		2449B6962690B1D2007B9CE1 /* UIControlPublisher.swift */ = {isa = PBXFileReference; lastKnownFileType = sourcecode.swift; path = UIControlPublisher.swift; sourceTree = "<group>"; };
		2449B6992690B1FF007B9CE1 /* UIControlSubscription.swift */ = {isa = PBXFileReference; lastKnownFileType = sourcecode.swift; path = UIControlSubscription.swift; sourceTree = "<group>"; };
		2449B69B2690B228007B9CE1 /* CombineCompatible.swift */ = {isa = PBXFileReference; lastKnownFileType = sourcecode.swift; path = CombineCompatible.swift; sourceTree = "<group>"; };
		2449B69D2690B24A007B9CE1 /* UIControl+Extensions.swift */ = {isa = PBXFileReference; lastKnownFileType = sourcecode.swift; path = "UIControl+Extensions.swift"; sourceTree = "<group>"; };
		2449B6A02690D3E6007B9CE1 /* APIClient.swift */ = {isa = PBXFileReference; lastKnownFileType = sourcecode.swift; path = APIClient.swift; sourceTree = "<group>"; };
		2449B6A22690E40E007B9CE1 /* RepositorySearchResponseModel.swift */ = {isa = PBXFileReference; lastKnownFileType = sourcecode.swift; path = RepositorySearchResponseModel.swift; sourceTree = "<group>"; };
		2449B6A42690FB25007B9CE1 /* TableViewCell.swift */ = {isa = PBXFileReference; lastKnownFileType = sourcecode.swift; path = TableViewCell.swift; sourceTree = "<group>"; };
		2449B6A62690FBB7007B9CE1 /* NSObject+Extensions.swift */ = {isa = PBXFileReference; lastKnownFileType = sourcecode.swift; path = "NSObject+Extensions.swift"; sourceTree = "<group>"; };
		2449B6A82690FC0A007B9CE1 /* ProjectTableViewCell.swift */ = {isa = PBXFileReference; lastKnownFileType = sourcecode.swift; path = ProjectTableViewCell.swift; sourceTree = "<group>"; };
		2449B6AA2690FD1F007B9CE1 /* UIView+Extensions.swift */ = {isa = PBXFileReference; lastKnownFileType = sourcecode.swift; path = "UIView+Extensions.swift"; sourceTree = "<group>"; };
		2449B6AC26910BEA007B9CE1 /* Date+Extensions.swift */ = {isa = PBXFileReference; lastKnownFileType = sourcecode.swift; path = "Date+Extensions.swift"; sourceTree = "<group>"; };
		2449B6AF26910FE1007B9CE1 /* ProjectDetailsCoordinator.swift */ = {isa = PBXFileReference; lastKnownFileType = sourcecode.swift; path = ProjectDetailsCoordinator.swift; sourceTree = "<group>"; };
/* End PBXFileReference section */

/* Begin PBXFrameworksBuildPhase section */
		2449B666269091EC007B9CE1 /* Frameworks */ = {
			isa = PBXFrameworksBuildPhase;
			buildActionMask = 2147483647;
			files = (
			);
			runOnlyForDeploymentPostprocessing = 0;
		};
/* End PBXFrameworksBuildPhase section */

/* Begin PBXGroup section */
		2449B660269091EC007B9CE1 = {
			isa = PBXGroup;
			children = (
				2449B66B269091EC007B9CE1 /* MVVM-Coordinator-Ref */,
				2449B66A269091EC007B9CE1 /* Products */,
			);
			sourceTree = "<group>";
		};
		2449B66A269091EC007B9CE1 /* Products */ = {
			isa = PBXGroup;
			children = (
				2449B669269091EC007B9CE1 /* MVVM-Coordinator-Ref.app */,
			);
			name = Products;
			sourceTree = "<group>";
		};
		2449B66B269091EC007B9CE1 /* MVVM-Coordinator-Ref */ = {
			isa = PBXGroup;
			children = (
				2449B66C269091EC007B9CE1 /* AppDelegate.swift */,
				2449B66E269091EC007B9CE1 /* SceneDelegate.swift */,
				2449B6A22690E40E007B9CE1 /* RepositorySearchResponseModel.swift */,
				2449B6982690B1EC007B9CE1 /* Helper */,
				2449B6942690A6E8007B9CE1 /* Shared */,
				2449B6932690A6DB007B9CE1 /* Extensions */,
				2449B69F2690D389007B9CE1 /* Services */,
				2449B68426909C38007B9CE1 /* Flows */,
				2449B675269091EE007B9CE1 /* Assets.xcassets */,
				2449B677269091EE007B9CE1 /* LaunchScreen.storyboard */,
				2449B67A269091EE007B9CE1 /* Info.plist */,
			);
			path = "MVVM-Coordinator-Ref";
			sourceTree = "<group>";
		};
		2449B68426909C38007B9CE1 /* Flows */ = {
			isa = PBXGroup;
			children = (
				2449B6952690A700007B9CE1 /* App */,
				2449B68E26909F69007B9CE1 /* ProjectsOverview */,
				2449B6AE26910F72007B9CE1 /* ProjectDetails */,
			);
			path = Flows;
			sourceTree = "<group>";
		};
		2449B68526909C49007B9CE1 /* ProjectsOverviewScreen */ = {
			isa = PBXGroup;
			children = (
				2449B68626909C6E007B9CE1 /* ProjectsOverviewViewController.swift */,
				2449B68826909C9F007B9CE1 /* ProjectsOverviewView.swift */,
				2449B6A82690FC0A007B9CE1 /* ProjectTableViewCell.swift */,
				2449B68A26909CB2007B9CE1 /* ProjectsOverviewViewModel.swift */,
			);
			path = ProjectsOverviewScreen;
			sourceTree = "<group>";
		};
		2449B68E26909F69007B9CE1 /* ProjectsOverview */ = {
			isa = PBXGroup;
			children = (
				2449B68F26909F8D007B9CE1 /* ProjectsOverviewCoordinator.swift */,
				2449B68526909C49007B9CE1 /* ProjectsOverviewScreen */,
			);
			path = ProjectsOverview;
			sourceTree = "<group>";
		};
		2449B6932690A6DB007B9CE1 /* Extensions */ = {
			isa = PBXGroup;
			children = (
				2449B6912690A1E6007B9CE1 /* UINavigationController+Extensions.swift */,
				2449B69D2690B24A007B9CE1 /* UIControl+Extensions.swift */,
				2449B6A62690FBB7007B9CE1 /* NSObject+Extensions.swift */,
				2449B6AA2690FD1F007B9CE1 /* UIView+Extensions.swift */,
				2449B6AC26910BEA007B9CE1 /* Date+Extensions.swift */,
			);
			path = Extensions;
			sourceTree = "<group>";
		};
		2449B6942690A6E8007B9CE1 /* Shared */ = {
			isa = PBXGroup;
			children = (
				2449B680269098B9007B9CE1 /* Coordinator.swift */,
				2449B670269091EC007B9CE1 /* ViewController.swift */,
				2449B68C26909F1E007B9CE1 /* View.swift */,
				2449B6A42690FB25007B9CE1 /* TableViewCell.swift */,
			);
			path = Shared;
			sourceTree = "<group>";
		};
		2449B6952690A700007B9CE1 /* App */ = {
			isa = PBXGroup;
			children = (
				2449B68226909BFD007B9CE1 /* AppCoordinator.swift */,
			);
			path = App;
			sourceTree = "<group>";
		};
		2449B6982690B1EC007B9CE1 /* Helper */ = {
			isa = PBXGroup;
			children = (
				2449B6962690B1D2007B9CE1 /* UIControlPublisher.swift */,
				2449B6992690B1FF007B9CE1 /* UIControlSubscription.swift */,
				2449B69B2690B228007B9CE1 /* CombineCompatible.swift */,
			);
			path = Helper;
			sourceTree = "<group>";
		};
		2449B69F2690D389007B9CE1 /* Services */ = {
			isa = PBXGroup;
			children = (
				2449B6A02690D3E6007B9CE1 /* APIClient.swift */,
			);
			path = Services;
			sourceTree = "<group>";
		};
		2449B6AE26910F72007B9CE1 /* ProjectDetails */ = {
			isa = PBXGroup;
			children = (
				2449B6AF26910FE1007B9CE1 /* ProjectDetailsCoordinator.swift */,
			);
			path = ProjectDetails;
			sourceTree = "<group>";
		};
/* End PBXGroup section */

/* Begin PBXNativeTarget section */
		2449B668269091EC007B9CE1 /* MVVM-Coordinator-Ref */ = {
			isa = PBXNativeTarget;
			buildConfigurationList = 2449B67D269091EE007B9CE1 /* Build configuration list for PBXNativeTarget "MVVM-Coordinator-Ref" */;
			buildPhases = (
				2449B665269091EC007B9CE1 /* Sources */,
				2449B666269091EC007B9CE1 /* Frameworks */,
				2449B667269091EC007B9CE1 /* Resources */,
			);
			buildRules = (
			);
			dependencies = (
			);
			name = "MVVM-Coordinator-Ref";
			productName = "MVVM-Coordinator-Ref";
			productReference = 2449B669269091EC007B9CE1 /* MVVM-Coordinator-Ref.app */;
			productType = "com.apple.product-type.application";
		};
/* End PBXNativeTarget section */

/* Begin PBXProject section */
		2449B661269091EC007B9CE1 /* Project object */ = {
			isa = PBXProject;
			attributes = {
				LastSwiftUpdateCheck = 1250;
				LastUpgradeCheck = 1250;
				TargetAttributes = {
					2449B668269091EC007B9CE1 = {
						CreatedOnToolsVersion = 12.5.1;
					};
				};
			};
			buildConfigurationList = 2449B664269091EC007B9CE1 /* Build configuration list for PBXProject "MVVM-Coordinator-Ref" */;
			compatibilityVersion = "Xcode 9.3";
			developmentRegion = en;
			hasScannedForEncodings = 0;
			knownRegions = (
				en,
				Base,
			);
			mainGroup = 2449B660269091EC007B9CE1;
			productRefGroup = 2449B66A269091EC007B9CE1 /* Products */;
			projectDirPath = "";
			projectRoot = "";
			targets = (
				2449B668269091EC007B9CE1 /* MVVM-Coordinator-Ref */,
			);
		};
/* End PBXProject section */

/* Begin PBXResourcesBuildPhase section */
		2449B667269091EC007B9CE1 /* Resources */ = {
			isa = PBXResourcesBuildPhase;
			buildActionMask = 2147483647;
			files = (
				2449B679269091EE007B9CE1 /* LaunchScreen.storyboard in Resources */,
				2449B676269091EE007B9CE1 /* Assets.xcassets in Resources */,
			);
			runOnlyForDeploymentPostprocessing = 0;
		};
/* End PBXResourcesBuildPhase section */

/* Begin PBXSourcesBuildPhase section */
		2449B665269091EC007B9CE1 /* Sources */ = {
			isa = PBXSourcesBuildPhase;
			buildActionMask = 2147483647;
			files = (
				2449B6AB2690FD1F007B9CE1 /* UIView+Extensions.swift in Sources */,
				2449B69A2690B1FF007B9CE1 /* UIControlSubscription.swift in Sources */,
				2449B6922690A1E6007B9CE1 /* UINavigationController+Extensions.swift in Sources */,
				2449B681269098B9007B9CE1 /* Coordinator.swift in Sources */,
				2449B6A52690FB25007B9CE1 /* TableViewCell.swift in Sources */,
				2449B6A12690D3E6007B9CE1 /* APIClient.swift in Sources */,
				2449B69026909F8D007B9CE1 /* ProjectsOverviewCoordinator.swift in Sources */,
				2449B671269091EC007B9CE1 /* ViewController.swift in Sources */,
				2449B68326909BFD007B9CE1 /* AppCoordinator.swift in Sources */,
				2449B68726909C6E007B9CE1 /* ProjectsOverviewViewController.swift in Sources */,
				2449B66D269091EC007B9CE1 /* AppDelegate.swift in Sources */,
				2449B6B026910FE1007B9CE1 /* ProjectDetailsCoordinator.swift in Sources */,
				2449B68D26909F1E007B9CE1 /* View.swift in Sources */,
				2449B6AD26910BEA007B9CE1 /* Date+Extensions.swift in Sources */,
				2449B69C2690B228007B9CE1 /* CombineCompatible.swift in Sources */,
				2449B6972690B1D2007B9CE1 /* UIControlPublisher.swift in Sources */,
				2449B66F269091EC007B9CE1 /* SceneDelegate.swift in Sources */,
				2449B69E2690B24A007B9CE1 /* UIControl+Extensions.swift in Sources */,
				2449B6A92690FC0A007B9CE1 /* ProjectTableViewCell.swift in Sources */,
				2449B68926909C9F007B9CE1 /* ProjectsOverviewView.swift in Sources */,
				2449B68B26909CB2007B9CE1 /* ProjectsOverviewViewModel.swift in Sources */,
				2449B6A72690FBB7007B9CE1 /* NSObject+Extensions.swift in Sources */,
				2449B6A32690E40E007B9CE1 /* RepositorySearchResponseModel.swift in Sources */,
			);
			runOnlyForDeploymentPostprocessing = 0;
		};
/* End PBXSourcesBuildPhase section */

/* Begin PBXVariantGroup section */
		2449B677269091EE007B9CE1 /* LaunchScreen.storyboard */ = {
			isa = PBXVariantGroup;
			children = (
				2449B678269091EE007B9CE1 /* Base */,
			);
			name = LaunchScreen.storyboard;
			sourceTree = "<group>";
		};
/* End PBXVariantGroup section */

/* Begin XCBuildConfiguration section */
		2449B67B269091EE007B9CE1 /* Debug */ = {
			isa = XCBuildConfiguration;
			buildSettings = {
				ALWAYS_SEARCH_USER_PATHS = NO;
				CLANG_ANALYZER_NONNULL = YES;
				CLANG_ANALYZER_NUMBER_OBJECT_CONVERSION = YES_AGGRESSIVE;
				CLANG_CXX_LANGUAGE_STANDARD = "gnu++14";
				CLANG_CXX_LIBRARY = "libc++";
				CLANG_ENABLE_MODULES = YES;
				CLANG_ENABLE_OBJC_ARC = YES;
				CLANG_ENABLE_OBJC_WEAK = YES;
				CLANG_WARN_BLOCK_CAPTURE_AUTORELEASING = YES;
				CLANG_WARN_BOOL_CONVERSION = YES;
				CLANG_WARN_COMMA = YES;
				CLANG_WARN_CONSTANT_CONVERSION = YES;
				CLANG_WARN_DEPRECATED_OBJC_IMPLEMENTATIONS = YES;
				CLANG_WARN_DIRECT_OBJC_ISA_USAGE = YES_ERROR;
				CLANG_WARN_DOCUMENTATION_COMMENTS = YES;
				CLANG_WARN_EMPTY_BODY = YES;
				CLANG_WARN_ENUM_CONVERSION = YES;
				CLANG_WARN_INFINITE_RECURSION = YES;
				CLANG_WARN_INT_CONVERSION = YES;
				CLANG_WARN_NON_LITERAL_NULL_CONVERSION = YES;
				CLANG_WARN_OBJC_IMPLICIT_RETAIN_SELF = YES;
				CLANG_WARN_OBJC_LITERAL_CONVERSION = YES;
				CLANG_WARN_OBJC_ROOT_CLASS = YES_ERROR;
				CLANG_WARN_QUOTED_INCLUDE_IN_FRAMEWORK_HEADER = YES;
				CLANG_WARN_RANGE_LOOP_ANALYSIS = YES;
				CLANG_WARN_STRICT_PROTOTYPES = YES;
				CLANG_WARN_SUSPICIOUS_MOVE = YES;
				CLANG_WARN_UNGUARDED_AVAILABILITY = YES_AGGRESSIVE;
				CLANG_WARN_UNREACHABLE_CODE = YES;
				CLANG_WARN__DUPLICATE_METHOD_MATCH = YES;
				COPY_PHASE_STRIP = NO;
				DEBUG_INFORMATION_FORMAT = dwarf;
				ENABLE_STRICT_OBJC_MSGSEND = YES;
				ENABLE_TESTABILITY = YES;
				GCC_C_LANGUAGE_STANDARD = gnu11;
				GCC_DYNAMIC_NO_PIC = NO;
				GCC_NO_COMMON_BLOCKS = YES;
				GCC_OPTIMIZATION_LEVEL = 0;
				GCC_PREPROCESSOR_DEFINITIONS = (
					"DEBUG=1",
					"$(inherited)",
				);
				GCC_WARN_64_TO_32_BIT_CONVERSION = YES;
				GCC_WARN_ABOUT_RETURN_TYPE = YES_ERROR;
				GCC_WARN_UNDECLARED_SELECTOR = YES;
				GCC_WARN_UNINITIALIZED_AUTOS = YES_AGGRESSIVE;
				GCC_WARN_UNUSED_FUNCTION = YES;
				GCC_WARN_UNUSED_VARIABLE = YES;
				IPHONEOS_DEPLOYMENT_TARGET = 13.0;
				MTL_ENABLE_DEBUG_INFO = INCLUDE_SOURCE;
				MTL_FAST_MATH = YES;
				ONLY_ACTIVE_ARCH = YES;
				SDKROOT = iphoneos;
				SWIFT_ACTIVE_COMPILATION_CONDITIONS = DEBUG;
				SWIFT_OPTIMIZATION_LEVEL = "-Onone";
			};
			name = Debug;
		};
		2449B67C269091EE007B9CE1 /* Release */ = {
			isa = XCBuildConfiguration;
			buildSettings = {
				ALWAYS_SEARCH_USER_PATHS = NO;
				CLANG_ANALYZER_NONNULL = YES;
				CLANG_ANALYZER_NUMBER_OBJECT_CONVERSION = YES_AGGRESSIVE;
				CLANG_CXX_LANGUAGE_STANDARD = "gnu++14";
				CLANG_CXX_LIBRARY = "libc++";
				CLANG_ENABLE_MODULES = YES;
				CLANG_ENABLE_OBJC_ARC = YES;
				CLANG_ENABLE_OBJC_WEAK = YES;
				CLANG_WARN_BLOCK_CAPTURE_AUTORELEASING = YES;
				CLANG_WARN_BOOL_CONVERSION = YES;
				CLANG_WARN_COMMA = YES;
				CLANG_WARN_CONSTANT_CONVERSION = YES;
				CLANG_WARN_DEPRECATED_OBJC_IMPLEMENTATIONS = YES;
				CLANG_WARN_DIRECT_OBJC_ISA_USAGE = YES_ERROR;
				CLANG_WARN_DOCUMENTATION_COMMENTS = YES;
				CLANG_WARN_EMPTY_BODY = YES;
				CLANG_WARN_ENUM_CONVERSION = YES;
				CLANG_WARN_INFINITE_RECURSION = YES;
				CLANG_WARN_INT_CONVERSION = YES;
				CLANG_WARN_NON_LITERAL_NULL_CONVERSION = YES;
				CLANG_WARN_OBJC_IMPLICIT_RETAIN_SELF = YES;
				CLANG_WARN_OBJC_LITERAL_CONVERSION = YES;
				CLANG_WARN_OBJC_ROOT_CLASS = YES_ERROR;
				CLANG_WARN_QUOTED_INCLUDE_IN_FRAMEWORK_HEADER = YES;
				CLANG_WARN_RANGE_LOOP_ANALYSIS = YES;
				CLANG_WARN_STRICT_PROTOTYPES = YES;
				CLANG_WARN_SUSPICIOUS_MOVE = YES;
				CLANG_WARN_UNGUARDED_AVAILABILITY = YES_AGGRESSIVE;
				CLANG_WARN_UNREACHABLE_CODE = YES;
				CLANG_WARN__DUPLICATE_METHOD_MATCH = YES;
				COPY_PHASE_STRIP = NO;
				DEBUG_INFORMATION_FORMAT = "dwarf-with-dsym";
				ENABLE_NS_ASSERTIONS = NO;
				ENABLE_STRICT_OBJC_MSGSEND = YES;
				GCC_C_LANGUAGE_STANDARD = gnu11;
				GCC_NO_COMMON_BLOCKS = YES;
				GCC_WARN_64_TO_32_BIT_CONVERSION = YES;
				GCC_WARN_ABOUT_RETURN_TYPE = YES_ERROR;
				GCC_WARN_UNDECLARED_SELECTOR = YES;
				GCC_WARN_UNINITIALIZED_AUTOS = YES_AGGRESSIVE;
				GCC_WARN_UNUSED_FUNCTION = YES;
				GCC_WARN_UNUSED_VARIABLE = YES;
				IPHONEOS_DEPLOYMENT_TARGET = 13.0;
				MTL_ENABLE_DEBUG_INFO = NO;
				MTL_FAST_MATH = YES;
				SDKROOT = iphoneos;
				SWIFT_COMPILATION_MODE = wholemodule;
				SWIFT_OPTIMIZATION_LEVEL = "-O";
				VALIDATE_PRODUCT = YES;
			};
			name = Release;
		};
		2449B67E269091EE007B9CE1 /* Debug */ = {
			isa = XCBuildConfiguration;
			buildSettings = {
				ASSETCATALOG_COMPILER_APPICON_NAME = AppIcon;
				ASSETCATALOG_COMPILER_GLOBAL_ACCENT_COLOR_NAME = AccentColor;
				CODE_SIGN_STYLE = Automatic;
				DEVELOPMENT_TEAM = ZHFL5TL3HD;
				INFOPLIST_FILE = "MVVM-Coordinator-Ref/Info.plist";
				LD_RUNPATH_SEARCH_PATHS = (
					"$(inherited)",
					"@executable_path/Frameworks",
				);
				PRODUCT_BUNDLE_IDENTIFIER = "de.devnado.MVVM-Coordinator-Ref";
				PRODUCT_NAME = "$(TARGET_NAME)";
				SWIFT_VERSION = 5.0;
				TARGETED_DEVICE_FAMILY = "1,2";
			};
			name = Debug;
		};
		2449B67F269091EE007B9CE1 /* Release */ = {
			isa = XCBuildConfiguration;
			buildSettings = {
				ASSETCATALOG_COMPILER_APPICON_NAME = AppIcon;
				ASSETCATALOG_COMPILER_GLOBAL_ACCENT_COLOR_NAME = AccentColor;
				CODE_SIGN_STYLE = Automatic;
				DEVELOPMENT_TEAM = ZHFL5TL3HD;
				INFOPLIST_FILE = "MVVM-Coordinator-Ref/Info.plist";
				LD_RUNPATH_SEARCH_PATHS = (
					"$(inherited)",
					"@executable_path/Frameworks",
				);
				PRODUCT_BUNDLE_IDENTIFIER = "de.devnado.MVVM-Coordinator-Ref";
				PRODUCT_NAME = "$(TARGET_NAME)";
				SWIFT_VERSION = 5.0;
				TARGETED_DEVICE_FAMILY = "1,2";
			};
			name = Release;
		};
/* End XCBuildConfiguration section */

/* Begin XCConfigurationList section */
		2449B664269091EC007B9CE1 /* Build configuration list for PBXProject "MVVM-Coordinator-Ref" */ = {
			isa = XCConfigurationList;
			buildConfigurations = (
				2449B67B269091EE007B9CE1 /* Debug */,
				2449B67C269091EE007B9CE1 /* Release */,
			);
			defaultConfigurationIsVisible = 0;
			defaultConfigurationName = Release;
		};
		2449B67D269091EE007B9CE1 /* Build configuration list for PBXNativeTarget "MVVM-Coordinator-Ref" */ = {
			isa = XCConfigurationList;
			buildConfigurations = (
				2449B67E269091EE007B9CE1 /* Debug */,
				2449B67F269091EE007B9CE1 /* Release */,
			);
			defaultConfigurationIsVisible = 0;
			defaultConfigurationName = Release;
		};
/* End XCConfigurationList section */
	};
	rootObject = 2449B661269091EC007B9CE1 /* Project object */;
}
